{
  "requires": true,
  "lockfileVersion": 1,
  "dependencies": {
    "kissfft-js": {
      "version": "0.1.8",
      "resolved": "https://registry.npmjs.org/kissfft-js/-/kissfft-js-0.1.8.tgz",
      "integrity": "sha512-P3kZXvlFGYe+7N9RJvve5bpq9P0S1tZroSbqmiJZzYi6DlLJMrFpr/CFLpySIYJpZ4WJLYQE17Pj7QY3LNhfxA=="
    }
  }
}
